{
    "_readme": [
        "This file locks the dependencies of your project to a known state",
        "Read more about it at http://getcomposer.org/doc/01-basic-usage.md#composer-lock-the-lock-file",
        "This file is @generated automatically"
    ],
    "hash": "c2fa92c6ead419c99f9383678d0807c2",
    "packages": [
        {
            "name": "axy/backtrace",
            "version": "1.0.1",
            "source": {
                "type": "git",
                "url": "https://github.com/axypro/backtrace.git",
                "reference": "53fb30513877cdde2853430026aeff3feda1cef4"
            },
            "dist": {
                "type": "zip",
                "url": "https://api.github.com/repos/axypro/backtrace/zipball/53fb30513877cdde2853430026aeff3feda1cef4",
                "reference": "53fb30513877cdde2853430026aeff3feda1cef4",
                "shasum": ""
            },
            "require": {
                "php": ">=5.4.0"
            },
            "type": "library",
            "autoload": {
                "psr-4": {
                    "axy\\backtrace\\": ""
                }
            },
            "notification-url": "https://packagist.org/downloads/",
            "license": [
                "MIT"
            ],
            "authors": [
                {
                    "name": "Oleg Grigoriev",
                    "email": "go.vasac@gmail.com"
                }
            ],
            "description": "Tracing in PHP",
            "homepage": "https://github.com/axypro/backtrace",
            "keywords": [
                "Backtrace",
                "debug",
                "exception",
                "trace"
            ],
            "time": "2014-12-22 16:19:47"
        },
        {
            "name": "axy/callbacks",
            "version": "1.0.0",
            "source": {
                "type": "git",
                "url": "https://github.com/axypro/callbacks.git",
                "reference": "8405c279fd1a76a916fabd3b168f6d223f065c7f"
            },
            "dist": {
                "type": "zip",
                "url": "https://api.github.com/repos/axypro/callbacks/zipball/8405c279fd1a76a916fabd3b168f6d223f065c7f",
                "reference": "8405c279fd1a76a916fabd3b168f6d223f065c7f",
                "shasum": ""
            },
            "require": {
                "axy/errors": "~1.0.0",
                "php": ">=5.4.0"
            },
            "type": "library",
            "autoload": {
                "psr-4": {
                    "axy\\callbacks\\": ""
                }
            },
            "notification-url": "https://packagist.org/downloads/",
            "license": [
                "MIT"
            ],
            "authors": [
                {
                    "name": "Oleg Grigoriev",
                    "email": "go.vasac@gmail.com"
                }
            ],
            "description": "Extension of php-callback format",
            "homepage": "https://github.com/axypro/callbacks",
            "keywords": [
                "call_user_func",
                "callback"
            ],
            "time": "2015-01-04 09:33:22"
        },
        {
            "name": "axy/errors",
            "version": "1.0.0",
            "source": {
                "type": "git",
                "url": "https://github.com/axypro/errors.git",
                "reference": "b8864236af8b75709a35f1ceabeaacf3f4dcfda6"
            },
            "dist": {
                "type": "zip",
                "url": "https://api.github.com/repos/axypro/errors/zipball/b8864236af8b75709a35f1ceabeaacf3f4dcfda6",
                "reference": "b8864236af8b75709a35f1ceabeaacf3f4dcfda6",
                "shasum": ""
            },
            "require": {
                "axy/backtrace": "~1.0.0",
                "php": ">=5.4.0"
            },
            "type": "library",
            "autoload": {
                "psr-4": {
                    "axy\\errors\\": ""
                }
            },
            "notification-url": "https://packagist.org/downloads/",
            "license": [
                "MIT"
            ],
            "authors": [
                {
                    "name": "Oleg Grigoriev",
                    "email": "go.vasac@gmail.com"
                }
            ],
            "description": "Exceptions in PHP",
            "homepage": "https://github.com/axypro/errors",
            "keywords": [
                "error",
                "exception"
            ],
            "time": "2015-01-02 19:30:28"
        }
    ],
    "packages-dev": [],
    "aliases": [],
    "minimum-stability": "stable",
    "stability-flags": [],
    "prefer-stable": false,
    "prefer-lowest": false,
    "platform": {
        "php": ">=5.4.0"
    },
    "platform-dev": []
}
